
Microsoft Visual Studio Solution File, Format Version 12.00
# Visual Studio Version 17
VisualStudioVersion = 17.8.34330.188
MinimumVisualStudioVersion = 10.0.40219.1
Project("{FAE04EC0-301F-11D3-BF4B-00C04F79EFBC}") = "GA_AggregationAndContainment", "GA_AggregationAndContainment.csproj", "{4267FE2F-73C4-4906-80E9-40B005B023C2}"
EndProject
Global
	GlobalSection(SolutionConfigurationPlatforms) = preSolution
		Debug|Any CPU = Debug|Any CPU
		Release|Any CPU = Release|Any CPU
	EndGlobalSection
	GlobalSection(ProjectConfigurationPlatforms) = postSolution
		{4267FE2F-73C4-4906-80E9-40B005B023C2}.Debug|Any CPU.ActiveCfg = Debug|Any CPU
		{4267FE2F-73C4-4906-80E9-40B005B023C2}.Debug|Any CPU.Build.0 = Debug|Any CPU
		{4267FE2F-73C4-4906-80E9-40B005B023C2}.Release|Any CPU.ActiveCfg = Release|Any CPU
		{4267FE2F-73C4-4906-80E9-40B005B023C2}.Release|Any CPU.Build.0 = Release|Any CPU
	EndGlobalSection
	GlobalSection(SolutionProperties) = preSolution
		HideSolutionNode = FALSE
	EndGlobalSection
	GlobalSection(ExtensibilityGlobals) = postSolution
		SolutionGuid = {6CF8E609-DE97-452C-A27C-A1C9EC24EA25}
	EndGlobalSection
EndGlobal
